
Microsoft Visual Studio Solution File, Format Version 12.00
# Visual Studio 15
VisualStudioVersion = 15.0.27703.2000
MinimumVisualStudioVersion = 10.0.40219.1
Project("{FAE04EC0-301F-11D3-BF4B-00C04F79EFBC}") = "ExtendedModelProcessor", "ExtendedModelProcessor\ExtendedModelProcessor.csproj", "{AAA52034-59E4-4478-A5BB-02BD9F252979}"
EndProject
Global
	GlobalSection(SolutionConfigurationPlatforms) = preSolution
		Debug|Any CPU = Debug|Any CPU
		Release|Any CPU = Release|Any CPU
	EndGlobalSection
	GlobalSection(ProjectConfigurationPlatforms) = postSolution
		{AAA52034-59E4-4478-A5BB-02BD9F252979}.Debug|Any CPU.ActiveCfg = Debug|Any CPU
		{AAA52034-59E4-4478-A5BB-02BD9F252979}.Debug|Any CPU.Build.0 = Debug|Any CPU
		{AAA52034-59E4-4478-A5BB-02BD9F252979}.Release|Any CPU.ActiveCfg = Release|Any CPU
		{AAA52034-59E4-4478-A5BB-02BD9F252979}.Release|Any CPU.Build.0 = Release|Any CPU
	EndGlobalSection
	GlobalSection(SolutionProperties) = preSolution
		HideSolutionNode = FALSE
	EndGlobalSection
	GlobalSection(ExtensibilityGlobals) = postSolution
		SolutionGuid = {F15D89F9-A0E1-4BBC-9F34-99322C7CA8F2}
	EndGlobalSection
EndGlobal
